
Microsoft Visual Studio Solution File, Format Version 12.00
# Visual Studio Version 17
VisualStudioVersion = 17.7.34018.315
MinimumVisualStudioVersion = 10.0.40219.1
Project("{9A19103F-16F7-4668-BE54-9A1E7A4F7556}") = "PizzaPlace.BlazorServer", "PizzaPlace.BlazorServer\PizzaPlace.BlazorServer.csproj", "{DB77325D-127D-4B8A-AD04-AF8868349FFF}"
EndProject
Global
	GlobalSection(SolutionConfigurationPlatforms) = preSolution
		Debug|Any CPU = Debug|Any CPU
		Release|Any CPU = Release|Any CPU
	EndGlobalSection
	GlobalSection(ProjectConfigurationPlatforms) = postSolution
		{DB77325D-127D-4B8A-AD04-AF8868349FFF}.Debug|Any CPU.ActiveCfg = Debug|Any CPU
		{DB77325D-127D-4B8A-AD04-AF8868349FFF}.Debug|Any CPU.Build.0 = Debug|Any CPU
		{DB77325D-127D-4B8A-AD04-AF8868349FFF}.Release|Any CPU.ActiveCfg = Release|Any CPU
		{DB77325D-127D-4B8A-AD04-AF8868349FFF}.Release|Any CPU.Build.0 = Release|Any CPU
	EndGlobalSection
	GlobalSection(SolutionProperties) = preSolution
		HideSolutionNode = FALSE
	EndGlobalSection
	GlobalSection(ExtensibilityGlobals) = postSolution
		SolutionGuid = {C0553BC1-2906-49C1-9B88-03552F324E94}
	EndGlobalSection
EndGlobal
